
Microsoft Visual Studio Solution File, Format Version 11.00
# Visual Studio 2010
Project("{FAE04EC0-301F-11D3-BF4B-00C04F79EFBC}") = "googleprep", "googleprep\googleprep.csproj", "{28AA4E16-FE35-4CD4-AEB0-CB4A26C1CEB9}"
EndProject
Global
	GlobalSection(SolutionConfigurationPlatforms) = preSolution
		Debug|x86 = Debug|x86
		Release|x86 = Release|x86
	EndGlobalSection
	GlobalSection(ProjectConfigurationPlatforms) = postSolution
		{28AA4E16-FE35-4CD4-AEB0-CB4A26C1CEB9}.Debug|x86.ActiveCfg = Debug|x86
		{28AA4E16-FE35-4CD4-AEB0-CB4A26C1CEB9}.Debug|x86.Build.0 = Debug|x86
		{28AA4E16-FE35-4CD4-AEB0-CB4A26C1CEB9}.Release|x86.ActiveCfg = Release|x86
		{28AA4E16-FE35-4CD4-AEB0-CB4A26C1CEB9}.Release|x86.Build.0 = Release|x86
	EndGlobalSection
	GlobalSection(MonoDevelopProperties) = preSolution
		StartupItem = googleprep\googleprep.csproj
		Policies = $0
		$0.TextStylePolicy = $1
		$1.inheritsSet = null
		$1.scope = text/x-csharp
		$0.CSharpFormattingPolicy = $2
		$2.inheritsSet = Mono
		$2.inheritsScope = text/x-csharp
		$2.scope = text/x-csharp
		$0.TextStylePolicy = $3
		$3.FileWidth = 120
		$3.inheritsSet = VisualStudio
		$3.inheritsScope = text/plain
		$3.scope = text/plain
	EndGlobalSection
EndGlobal
